PODS:
  - cxhub_ios (0.0.1):
    - CXHubSDK (= 3.0.01)
    - Flutter
  - CXHubSDK (3.0.01):
    - CXHubSDK/Core (= 3.0.01)
    - CXHubSDK/Notify (= 3.0.01)
  - CXHubSDK/Core (3.0.01)
  - CXHubSDK/Notify (3.0.01):
    - CXHubSDK/Core
  - Flutter (1.0.0)
  - integration_test (0.0.1):
    - Flutter
  - permission_handler_apple (9.3.0):
    - Flutter

DEPENDENCIES:
  - cxhub_ios (from `.symlinks/plugins/cxhub_ios/ios`)
  - Flutter (from `Flutter`)
  - integration_test (from `.symlinks/plugins/integration_test/ios`)
  - permission_handler_apple (from `.symlinks/plugins/permission_handler_apple/ios`)

SPEC REPOS:
  trunk:
    - CXHubSDK

EXTERNAL SOURCES:
  cxhub_ios:
    :path: ".symlinks/plugins/cxhub_ios/ios"
  Flutter:
    :path: Flutter
  integration_test:
    :path: ".symlinks/plugins/integration_test/ios"
  permission_handler_apple:
    :path: ".symlinks/plugins/permission_handler_apple/ios"

SPEC CHECKSUMS:
  cxhub_ios: 836610521a8ac4dfd9ead4f103f14b6001372917
  CXHubSDK: e7675a9fac2b653bc027268585d3bfd8adb3ee6e
  Flutter: e0871f40cf51350855a761d2e70bf5af5b9b5de7
  integration_test: 252f60fa39af5e17c3aa9899d35d908a0721b573
  permission_handler_apple: 9878588469a2b0d0fc1e048d9f43605f92e6cec2

PODFILE CHECKSUM: 5e2e6cf17f02011fe6b96121e43e9f226439f67f

COCOAPODS: 1.16.2
