PODS:
  - cxhub_ios (0.0.1):
    - CXHubSDK (= 3.0.00)
    - Flutter
  - CXHubSDK (3.0.00):
    - CXHubSDK/Core (= 3.0.00)
    - CXHubSDK/Notify (= 3.0.00)
  - CXHubSDK/Core (3.0.00)
  - CXHubSDK/Notify (3.0.00):
    - CXHubSDK/Core
  - Flutter (1.0.0)
  - integration_test (0.0.1):
    - Flutter

DEPENDENCIES:
  - cxhub_ios (from `.symlinks/plugins/cxhub_ios/ios`)
  - Flutter (from `Flutter`)
  - integration_test (from `.symlinks/plugins/integration_test/ios`)

SPEC REPOS:
  trunk:
    - CXHubSDK

EXTERNAL SOURCES:
  cxhub_ios:
    :path: ".symlinks/plugins/cxhub_ios/ios"
  Flutter:
    :path: Flutter
  integration_test:
    :path: ".symlinks/plugins/integration_test/ios"

SPEC CHECKSUMS:
  cxhub_ios: 38738797bedb63923b98c7f3a4b9be1911e6b606
  CXHubSDK: ccb6d30655d42b2c09c2c4fc8bcba8d42ad04ff3
  Flutter: e0871f40cf51350855a761d2e70bf5af5b9b5de7
  integration_test: 252f60fa39af5e17c3aa9899d35d908a0721b573

PODFILE CHECKSUM: 642a2dcedc7f19bbb5f3fbc3837fd5cddaabeb4c

COCOAPODS: 1.16.2
